
Microsoft Visual Studio Solution File, Format Version 12.00
# Visual Studio Version 16
VisualStudioVersion = 16.0.31025.194
MinimumVisualStudioVersion = 10.0.40219.1
Project("{FAE04EC0-301F-11D3-BF4B-00C04F79EFBC}") = "Seance0324", "Seance0324\Seance0324.csproj", "{F5479435-6631-45A1-94F4-21D3FE5D9B3C}"
EndProject
Global
	GlobalSection(SolutionConfigurationPlatforms) = preSolution
		Debug|Any CPU = Debug|Any CPU
		Release|Any CPU = Release|Any CPU
	EndGlobalSection
	GlobalSection(ProjectConfigurationPlatforms) = postSolution
		{F5479435-6631-45A1-94F4-21D3FE5D9B3C}.Debug|Any CPU.ActiveCfg = Debug|Any CPU
		{F5479435-6631-45A1-94F4-21D3FE5D9B3C}.Debug|Any CPU.Build.0 = Debug|Any CPU
		{F5479435-6631-45A1-94F4-21D3FE5D9B3C}.Release|Any CPU.ActiveCfg = Release|Any CPU
		{F5479435-6631-45A1-94F4-21D3FE5D9B3C}.Release|Any CPU.Build.0 = Release|Any CPU
	EndGlobalSection
	GlobalSection(SolutionProperties) = preSolution
		HideSolutionNode = FALSE
	EndGlobalSection
	GlobalSection(ExtensibilityGlobals) = postSolution
		SolutionGuid = {B375F833-BFD2-4C33-B85A-3DBA10C8226E}
	EndGlobalSection
EndGlobal
