
Microsoft Visual Studio Solution File, Format Version 12.00
# Visual Studio Version 16
VisualStudioVersion = 16.0.31005.135
MinimumVisualStudioVersion = 10.0.40219.1
Project("{FAE04EC0-301F-11D3-BF4B-00C04F79EFBC}") = "Seance0225", "Seance0225\Seance0225.csproj", "{CFB6C0C4-09C4-4AE7-8B31-36F452963861}"
EndProject
Global
	GlobalSection(SolutionConfigurationPlatforms) = preSolution
		Debug|Any CPU = Debug|Any CPU
		Release|Any CPU = Release|Any CPU
	EndGlobalSection
	GlobalSection(ProjectConfigurationPlatforms) = postSolution
		{CFB6C0C4-09C4-4AE7-8B31-36F452963861}.Debug|Any CPU.ActiveCfg = Debug|Any CPU
		{CFB6C0C4-09C4-4AE7-8B31-36F452963861}.Debug|Any CPU.Build.0 = Debug|Any CPU
		{CFB6C0C4-09C4-4AE7-8B31-36F452963861}.Release|Any CPU.ActiveCfg = Release|Any CPU
		{CFB6C0C4-09C4-4AE7-8B31-36F452963861}.Release|Any CPU.Build.0 = Release|Any CPU
	EndGlobalSection
	GlobalSection(SolutionProperties) = preSolution
		HideSolutionNode = FALSE
	EndGlobalSection
	GlobalSection(ExtensibilityGlobals) = postSolution
		SolutionGuid = {5C4CEDEA-5A38-478A-BE2F-7560F2EF2E0A}
	EndGlobalSection
EndGlobal
