
Microsoft Visual Studio Solution File, Format Version 12.00
# Visual Studio Version 16
VisualStudioVersion = 16.0.31019.35
MinimumVisualStudioVersion = 10.0.40219.1
Project("{FAE04EC0-301F-11D3-BF4B-00C04F79EFBC}") = "Seance0303", "Seance0303\Seance0303.csproj", "{53B9C27A-36B6-46F8-8727-4B67C393B529}"
EndProject
Global
	GlobalSection(SolutionConfigurationPlatforms) = preSolution
		Debug|Any CPU = Debug|Any CPU
		Release|Any CPU = Release|Any CPU
	EndGlobalSection
	GlobalSection(ProjectConfigurationPlatforms) = postSolution
		{53B9C27A-36B6-46F8-8727-4B67C393B529}.Debug|Any CPU.ActiveCfg = Debug|Any CPU
		{53B9C27A-36B6-46F8-8727-4B67C393B529}.Debug|Any CPU.Build.0 = Debug|Any CPU
		{53B9C27A-36B6-46F8-8727-4B67C393B529}.Release|Any CPU.ActiveCfg = Release|Any CPU
		{53B9C27A-36B6-46F8-8727-4B67C393B529}.Release|Any CPU.Build.0 = Release|Any CPU
	EndGlobalSection
	GlobalSection(SolutionProperties) = preSolution
		HideSolutionNode = FALSE
	EndGlobalSection
	GlobalSection(ExtensibilityGlobals) = postSolution
		SolutionGuid = {69E2BD31-F62B-4CFC-B345-4720A041337D}
	EndGlobalSection
EndGlobal
