
Microsoft Visual Studio Solution File, Format Version 12.00
# Visual Studio Version 16
VisualStudioVersion = 16.0.31129.286
MinimumVisualStudioVersion = 10.0.40219.1
Project("{FAE04EC0-301F-11D3-BF4B-00C04F79EFBC}") = "TP2", "TP2\TP2.csproj", "{3A1F1B20-C675-4AE0-9FCE-7588F68B10BC}"
EndProject
Global
	GlobalSection(SolutionConfigurationPlatforms) = preSolution
		Debug|Any CPU = Debug|Any CPU
		Release|Any CPU = Release|Any CPU
	EndGlobalSection
	GlobalSection(ProjectConfigurationPlatforms) = postSolution
		{3A1F1B20-C675-4AE0-9FCE-7588F68B10BC}.Debug|Any CPU.ActiveCfg = Debug|Any CPU
		{3A1F1B20-C675-4AE0-9FCE-7588F68B10BC}.Debug|Any CPU.Build.0 = Debug|Any CPU
		{3A1F1B20-C675-4AE0-9FCE-7588F68B10BC}.Release|Any CPU.ActiveCfg = Release|Any CPU
		{3A1F1B20-C675-4AE0-9FCE-7588F68B10BC}.Release|Any CPU.Build.0 = Release|Any CPU
	EndGlobalSection
	GlobalSection(SolutionProperties) = preSolution
		HideSolutionNode = FALSE
	EndGlobalSection
	GlobalSection(ExtensibilityGlobals) = postSolution
		SolutionGuid = {FD8F08DB-FAE6-4C7F-9C73-B8C268842637}
	EndGlobalSection
EndGlobal
