
Microsoft Visual Studio Solution File, Format Version 12.00
# Visual Studio Version 16
VisualStudioVersion = 16.0.31025.194
MinimumVisualStudioVersion = 10.0.40219.1
Project("{FAE04EC0-301F-11D3-BF4B-00C04F79EFBC}") = "Seance0308", "Seance0308\Seance0308.csproj", "{B9392617-6F09-47B2-ABFB-A0DE27321375}"
EndProject
Global
	GlobalSection(SolutionConfigurationPlatforms) = preSolution
		Debug|Any CPU = Debug|Any CPU
		Release|Any CPU = Release|Any CPU
	EndGlobalSection
	GlobalSection(ProjectConfigurationPlatforms) = postSolution
		{B9392617-6F09-47B2-ABFB-A0DE27321375}.Debug|Any CPU.ActiveCfg = Debug|Any CPU
		{B9392617-6F09-47B2-ABFB-A0DE27321375}.Debug|Any CPU.Build.0 = Debug|Any CPU
		{B9392617-6F09-47B2-ABFB-A0DE27321375}.Release|Any CPU.ActiveCfg = Release|Any CPU
		{B9392617-6F09-47B2-ABFB-A0DE27321375}.Release|Any CPU.Build.0 = Release|Any CPU
	EndGlobalSection
	GlobalSection(SolutionProperties) = preSolution
		HideSolutionNode = FALSE
	EndGlobalSection
	GlobalSection(ExtensibilityGlobals) = postSolution
		SolutionGuid = {834FB292-D382-4A63-84F8-5D5241432039}
	EndGlobalSection
EndGlobal
