
Microsoft Visual Studio Solution File, Format Version 12.00
# Visual Studio Version 16
VisualStudioVersion = 16.0.31005.135
MinimumVisualStudioVersion = 10.0.40219.1
Project("{FAE04EC0-301F-11D3-BF4B-00C04F79EFBC}") = "Seance0218", "Seance0218\Seance0218.csproj", "{68AC6B4D-2E47-490D-A113-246F5455A1ED}"
EndProject
Global
	GlobalSection(SolutionConfigurationPlatforms) = preSolution
		Debug|Any CPU = Debug|Any CPU
		Release|Any CPU = Release|Any CPU
	EndGlobalSection
	GlobalSection(ProjectConfigurationPlatforms) = postSolution
		{68AC6B4D-2E47-490D-A113-246F5455A1ED}.Debug|Any CPU.ActiveCfg = Debug|Any CPU
		{68AC6B4D-2E47-490D-A113-246F5455A1ED}.Debug|Any CPU.Build.0 = Debug|Any CPU
		{68AC6B4D-2E47-490D-A113-246F5455A1ED}.Release|Any CPU.ActiveCfg = Release|Any CPU
		{68AC6B4D-2E47-490D-A113-246F5455A1ED}.Release|Any CPU.Build.0 = Release|Any CPU
	EndGlobalSection
	GlobalSection(SolutionProperties) = preSolution
		HideSolutionNode = FALSE
	EndGlobalSection
	GlobalSection(ExtensibilityGlobals) = postSolution
		SolutionGuid = {8355F206-149E-4E28-9D07-082E4DE74AEF}
	EndGlobalSection
EndGlobal
