
Microsoft Visual Studio Solution File, Format Version 12.00
# Visual Studio Version 16
VisualStudioVersion = 16.0.31025.194
MinimumVisualStudioVersion = 10.0.40219.1
Project("{FAE04EC0-301F-11D3-BF4B-00C04F79EFBC}") = "Seance0325", "Seance0325\Seance0325.csproj", "{A1B78751-68B1-425C-BF1F-B5E2C2359DAE}"
EndProject
Global
	GlobalSection(SolutionConfigurationPlatforms) = preSolution
		Debug|Any CPU = Debug|Any CPU
		Release|Any CPU = Release|Any CPU
	EndGlobalSection
	GlobalSection(ProjectConfigurationPlatforms) = postSolution
		{A1B78751-68B1-425C-BF1F-B5E2C2359DAE}.Debug|Any CPU.ActiveCfg = Debug|Any CPU
		{A1B78751-68B1-425C-BF1F-B5E2C2359DAE}.Debug|Any CPU.Build.0 = Debug|Any CPU
		{A1B78751-68B1-425C-BF1F-B5E2C2359DAE}.Release|Any CPU.ActiveCfg = Release|Any CPU
		{A1B78751-68B1-425C-BF1F-B5E2C2359DAE}.Release|Any CPU.Build.0 = Release|Any CPU
	EndGlobalSection
	GlobalSection(SolutionProperties) = preSolution
		HideSolutionNode = FALSE
	EndGlobalSection
	GlobalSection(ExtensibilityGlobals) = postSolution
		SolutionGuid = {615FC07F-A318-4D5A-8C9D-3F285B3E97D6}
	EndGlobalSection
EndGlobal
