
Microsoft Visual Studio Solution File, Format Version 12.00
# Visual Studio Version 16
VisualStudioVersion = 16.0.30907.101
MinimumVisualStudioVersion = 10.0.40219.1
Project("{FAE04EC0-301F-11D3-BF4B-00C04F79EFBC}") = "Seance0209", "Seance0209\Seance0209.csproj", "{D08167B3-BC23-4068-860F-ADC3BC752CE4}"
EndProject
Global
	GlobalSection(SolutionConfigurationPlatforms) = preSolution
		Debug|Any CPU = Debug|Any CPU
		Release|Any CPU = Release|Any CPU
	EndGlobalSection
	GlobalSection(ProjectConfigurationPlatforms) = postSolution
		{D08167B3-BC23-4068-860F-ADC3BC752CE4}.Debug|Any CPU.ActiveCfg = Debug|Any CPU
		{D08167B3-BC23-4068-860F-ADC3BC752CE4}.Debug|Any CPU.Build.0 = Debug|Any CPU
		{D08167B3-BC23-4068-860F-ADC3BC752CE4}.Release|Any CPU.ActiveCfg = Release|Any CPU
		{D08167B3-BC23-4068-860F-ADC3BC752CE4}.Release|Any CPU.Build.0 = Release|Any CPU
	EndGlobalSection
	GlobalSection(SolutionProperties) = preSolution
		HideSolutionNode = FALSE
	EndGlobalSection
	GlobalSection(ExtensibilityGlobals) = postSolution
		SolutionGuid = {D184C2B9-6F3A-44B7-B624-1D4D4F2D14BF}
	EndGlobalSection
EndGlobal
